
Microsoft Visual Studio Solution File, Format Version 12.00
Project("{FAE04EC0-301F-11D3-BF4B-00C04F79EFBC}") = "Stack", "Stack.csproj", "{3C73DC7F-C261-4637-B009-FC1FBDFBB5AC}"
EndProject
Global
	GlobalSection(SolutionConfigurationPlatforms) = preSolution
		Debug|Any CPU = Debug|Any CPU
		Release|Any CPU = Release|Any CPU
	EndGlobalSection
	GlobalSection(ProjectConfigurationPlatforms) = postSolution
		{3C73DC7F-C261-4637-B009-FC1FBDFBB5AC}.Debug|Any CPU.ActiveCfg = Debug|Any CPU
		{3C73DC7F-C261-4637-B009-FC1FBDFBB5AC}.Debug|Any CPU.Build.0 = Debug|Any CPU
		{3C73DC7F-C261-4637-B009-FC1FBDFBB5AC}.Release|Any CPU.ActiveCfg = Release|Any CPU
		{3C73DC7F-C261-4637-B009-FC1FBDFBB5AC}.Release|Any CPU.Build.0 = Release|Any CPU
	EndGlobalSection
EndGlobal
