
Microsoft Visual Studio Solution File, Format Version 12.00
Project("{FAE04EC0-301F-11D3-BF4B-00C04F79EFBC}") = "EstructurasAnidadas", "EstructurasAnidadas.csproj", "{8256AC93-CA56-4DF7-B7A4-60E41AF96908}"
EndProject
Global
	GlobalSection(SolutionConfigurationPlatforms) = preSolution
		Debug|Any CPU = Debug|Any CPU
		Release|Any CPU = Release|Any CPU
	EndGlobalSection
	GlobalSection(ProjectConfigurationPlatforms) = postSolution
		{8256AC93-CA56-4DF7-B7A4-60E41AF96908}.Debug|Any CPU.ActiveCfg = Debug|Any CPU
		{8256AC93-CA56-4DF7-B7A4-60E41AF96908}.Debug|Any CPU.Build.0 = Debug|Any CPU
		{8256AC93-CA56-4DF7-B7A4-60E41AF96908}.Release|Any CPU.ActiveCfg = Release|Any CPU
		{8256AC93-CA56-4DF7-B7A4-60E41AF96908}.Release|Any CPU.Build.0 = Release|Any CPU
	EndGlobalSection
EndGlobal
